
Microsoft Visual Studio Solution File, Format Version 12.00
# Visual Studio 15
VisualStudioVersion = 15.0.27428.2037
MinimumVisualStudioVersion = 10.0.40219.1
Project("{9A19103F-16F7-4668-BE54-9A1E7A4F7556}") = "GestionTecnologica", "GestionTecnologica\GestionTecnologica.csproj", "{E123344E-64DC-464C-ACDD-6F3707956950}"
EndProject
Global
	GlobalSection(SolutionConfigurationPlatforms) = preSolution
		Debug|Any CPU = Debug|Any CPU
		Release|Any CPU = Release|Any CPU
	EndGlobalSection
	GlobalSection(ProjectConfigurationPlatforms) = postSolution
		{E123344E-64DC-464C-ACDD-6F3707956950}.Debug|Any CPU.ActiveCfg = Debug|Any CPU
		{E123344E-64DC-464C-ACDD-6F3707956950}.Debug|Any CPU.Build.0 = Debug|Any CPU
		{E123344E-64DC-464C-ACDD-6F3707956950}.Release|Any CPU.ActiveCfg = Release|Any CPU
		{E123344E-64DC-464C-ACDD-6F3707956950}.Release|Any CPU.Build.0 = Release|Any CPU
	EndGlobalSection
	GlobalSection(SolutionProperties) = preSolution
		HideSolutionNode = FALSE
	EndGlobalSection
	GlobalSection(ExtensibilityGlobals) = postSolution
		SolutionGuid = {55DB8BEA-2646-4496-BC96-F7946996ACE2}
	EndGlobalSection
EndGlobal
